
Microsoft Visual Studio Solution File, Format Version 12.00
# Visual Studio Version 17
VisualStudioVersion = 17.14.36811.4 d17.14
MinimumVisualStudioVersion = 10.0.40219.1
Project("{FAE04EC0-301F-11D3-BF4B-00C04F79EFBC}") = "TestProject1", "TestProject1\TestProject1.csproj", "{C788B9BA-1A7F-45AD-B602-A6469EC3ED40}"
EndProject
Project("{FAE04EC0-301F-11D3-BF4B-00C04F79EFBC}") = "ClassLibrary1", "ClassLibrary1\ClassLibrary1.csproj", "{DD2D8444-D3CE-4539-BF9E-396D044CB14B}"
EndProject
Global
	GlobalSection(SolutionConfigurationPlatforms) = preSolution
		Debug|Any CPU = Debug|Any CPU
		Release|Any CPU = Release|Any CPU
	EndGlobalSection
	GlobalSection(ProjectConfigurationPlatforms) = postSolution
		{C788B9BA-1A7F-45AD-B602-A6469EC3ED40}.Debug|Any CPU.ActiveCfg = Debug|Any CPU
		{C788B9BA-1A7F-45AD-B602-A6469EC3ED40}.Debug|Any CPU.Build.0 = Debug|Any CPU
		{C788B9BA-1A7F-45AD-B602-A6469EC3ED40}.Release|Any CPU.ActiveCfg = Release|Any CPU
		{C788B9BA-1A7F-45AD-B602-A6469EC3ED40}.Release|Any CPU.Build.0 = Release|Any CPU
		{DD2D8444-D3CE-4539-BF9E-396D044CB14B}.Debug|Any CPU.ActiveCfg = Debug|Any CPU
		{DD2D8444-D3CE-4539-BF9E-396D044CB14B}.Debug|Any CPU.Build.0 = Debug|Any CPU
		{DD2D8444-D3CE-4539-BF9E-396D044CB14B}.Release|Any CPU.ActiveCfg = Release|Any CPU
		{DD2D8444-D3CE-4539-BF9E-396D044CB14B}.Release|Any CPU.Build.0 = Release|Any CPU
	EndGlobalSection
	GlobalSection(SolutionProperties) = preSolution
		HideSolutionNode = FALSE
	EndGlobalSection
	GlobalSection(ExtensibilityGlobals) = postSolution
		SolutionGuid = {BF26C1F1-9608-4B11-962F-1F3A0BD537D0}
	EndGlobalSection
EndGlobal
