
Microsoft Visual Studio Solution File, Format Version 12.00
# Visual Studio Version 17
VisualStudioVersion = 17.14.36811.4 d17.14
MinimumVisualStudioVersion = 10.0.40219.1
Project("{FAE04EC0-301F-11D3-BF4B-00C04F79EFBC}") = "TestProject1", "TestProject1\TestProject1.csproj", "{4A379F23-82CD-44E1-811B-580295B2CF3B}"
EndProject
Project("{FAE04EC0-301F-11D3-BF4B-00C04F79EFBC}") = "ClassLibrary1", "ClassLibrary1\ClassLibrary1.csproj", "{68C7F928-E27E-43CF-9A81-FFE99C7F94F8}"
EndProject
Global
	GlobalSection(SolutionConfigurationPlatforms) = preSolution
		Debug|Any CPU = Debug|Any CPU
		Release|Any CPU = Release|Any CPU
	EndGlobalSection
	GlobalSection(ProjectConfigurationPlatforms) = postSolution
		{4A379F23-82CD-44E1-811B-580295B2CF3B}.Debug|Any CPU.ActiveCfg = Debug|Any CPU
		{4A379F23-82CD-44E1-811B-580295B2CF3B}.Debug|Any CPU.Build.0 = Debug|Any CPU
		{4A379F23-82CD-44E1-811B-580295B2CF3B}.Release|Any CPU.ActiveCfg = Release|Any CPU
		{4A379F23-82CD-44E1-811B-580295B2CF3B}.Release|Any CPU.Build.0 = Release|Any CPU
		{68C7F928-E27E-43CF-9A81-FFE99C7F94F8}.Debug|Any CPU.ActiveCfg = Debug|Any CPU
		{68C7F928-E27E-43CF-9A81-FFE99C7F94F8}.Debug|Any CPU.Build.0 = Debug|Any CPU
		{68C7F928-E27E-43CF-9A81-FFE99C7F94F8}.Release|Any CPU.ActiveCfg = Release|Any CPU
		{68C7F928-E27E-43CF-9A81-FFE99C7F94F8}.Release|Any CPU.Build.0 = Release|Any CPU
	EndGlobalSection
	GlobalSection(SolutionProperties) = preSolution
		HideSolutionNode = FALSE
	EndGlobalSection
	GlobalSection(ExtensibilityGlobals) = postSolution
		SolutionGuid = {33AA3814-6D9E-4CF1-8492-6EA0E8A2A381}
	EndGlobalSection
EndGlobal
