
Microsoft Visual Studio Solution File, Format Version 12.00
# Visual Studio Version 17
VisualStudioVersion = 17.14.36811.4 d17.14
MinimumVisualStudioVersion = 10.0.40219.1
Project("{FAE04EC0-301F-11D3-BF4B-00C04F79EFBC}") = "TestProject1", "TestProject1\TestProject1.csproj", "{A211B053-B1C3-41A7-ADF3-1F81DAD4F15C}"
EndProject
Project("{FAE04EC0-301F-11D3-BF4B-00C04F79EFBC}") = "ClassLibrary1", "ClassLibrary1\ClassLibrary1.csproj", "{28BADA72-ED5B-4F18-9F63-21E5E45805EC}"
EndProject
Global
	GlobalSection(SolutionConfigurationPlatforms) = preSolution
		Debug|Any CPU = Debug|Any CPU
		Release|Any CPU = Release|Any CPU
	EndGlobalSection
	GlobalSection(ProjectConfigurationPlatforms) = postSolution
		{A211B053-B1C3-41A7-ADF3-1F81DAD4F15C}.Debug|Any CPU.ActiveCfg = Debug|Any CPU
		{A211B053-B1C3-41A7-ADF3-1F81DAD4F15C}.Debug|Any CPU.Build.0 = Debug|Any CPU
		{A211B053-B1C3-41A7-ADF3-1F81DAD4F15C}.Release|Any CPU.ActiveCfg = Release|Any CPU
		{A211B053-B1C3-41A7-ADF3-1F81DAD4F15C}.Release|Any CPU.Build.0 = Release|Any CPU
		{28BADA72-ED5B-4F18-9F63-21E5E45805EC}.Debug|Any CPU.ActiveCfg = Debug|Any CPU
		{28BADA72-ED5B-4F18-9F63-21E5E45805EC}.Debug|Any CPU.Build.0 = Debug|Any CPU
		{28BADA72-ED5B-4F18-9F63-21E5E45805EC}.Release|Any CPU.ActiveCfg = Release|Any CPU
		{28BADA72-ED5B-4F18-9F63-21E5E45805EC}.Release|Any CPU.Build.0 = Release|Any CPU
	EndGlobalSection
	GlobalSection(SolutionProperties) = preSolution
		HideSolutionNode = FALSE
	EndGlobalSection
	GlobalSection(ExtensibilityGlobals) = postSolution
		SolutionGuid = {0E3AC620-3713-41E2-AC0A-4C431D17F5CE}
	EndGlobalSection
EndGlobal
