
Microsoft Visual Studio Solution File, Format Version 12.00
# Visual Studio Version 17
VisualStudioVersion = 17.14.36811.4 d17.14
MinimumVisualStudioVersion = 10.0.40219.1
Project("{FAE04EC0-301F-11D3-BF4B-00C04F79EFBC}") = "TestProject1", "TestProject1\TestProject1.csproj", "{2AFF6A48-E5C3-432E-8FD0-8200F5E4CC15}"
EndProject
Project("{FAE04EC0-301F-11D3-BF4B-00C04F79EFBC}") = "ClassLibrary1", "ClassLibrary1\ClassLibrary1.csproj", "{913F2412-65C7-444D-A3ED-C850EF25DA92}"
EndProject
Global
	GlobalSection(SolutionConfigurationPlatforms) = preSolution
		Debug|Any CPU = Debug|Any CPU
		Release|Any CPU = Release|Any CPU
	EndGlobalSection
	GlobalSection(ProjectConfigurationPlatforms) = postSolution
		{2AFF6A48-E5C3-432E-8FD0-8200F5E4CC15}.Debug|Any CPU.ActiveCfg = Debug|Any CPU
		{2AFF6A48-E5C3-432E-8FD0-8200F5E4CC15}.Debug|Any CPU.Build.0 = Debug|Any CPU
		{2AFF6A48-E5C3-432E-8FD0-8200F5E4CC15}.Release|Any CPU.ActiveCfg = Release|Any CPU
		{2AFF6A48-E5C3-432E-8FD0-8200F5E4CC15}.Release|Any CPU.Build.0 = Release|Any CPU
		{913F2412-65C7-444D-A3ED-C850EF25DA92}.Debug|Any CPU.ActiveCfg = Debug|Any CPU
		{913F2412-65C7-444D-A3ED-C850EF25DA92}.Debug|Any CPU.Build.0 = Debug|Any CPU
		{913F2412-65C7-444D-A3ED-C850EF25DA92}.Release|Any CPU.ActiveCfg = Release|Any CPU
		{913F2412-65C7-444D-A3ED-C850EF25DA92}.Release|Any CPU.Build.0 = Release|Any CPU
	EndGlobalSection
	GlobalSection(SolutionProperties) = preSolution
		HideSolutionNode = FALSE
	EndGlobalSection
	GlobalSection(ExtensibilityGlobals) = postSolution
		SolutionGuid = {D1C27EB3-EDDA-424F-940C-EE03AC124E42}
	EndGlobalSection
EndGlobal
